
Microsoft Visual Studio Solution File, Format Version 12.00
# Visual Studio Version 17
VisualStudioVersion = 17.10.35013.160
MinimumVisualStudioVersion = 10.0.40219.1
Project("{FAE04EC0-301F-11D3-BF4B-00C04F79EFBC}") = "StoryShelfApi", "StoryShelfApi\StoryShelfApi.csproj", "{1791922F-99E8-4B6A-839B-8CE25C2E1039}"
EndProject
Project("{FAE04EC0-301F-11D3-BF4B-00C04F79EFBC}") = "StoryShelfBase", "StoryShelfBase\StoryShelfBase.csproj", "{A03B6D07-9A34-44FC-A41E-E8C8078F083A}"
EndProject
Global
	GlobalSection(SolutionConfigurationPlatforms) = preSolution
		Debug|Any CPU = Debug|Any CPU
		Release|Any CPU = Release|Any CPU
	EndGlobalSection
	GlobalSection(ProjectConfigurationPlatforms) = postSolution
		{1791922F-99E8-4B6A-839B-8CE25C2E1039}.Debug|Any CPU.ActiveCfg = Debug|Any CPU
		{1791922F-99E8-4B6A-839B-8CE25C2E1039}.Debug|Any CPU.Build.0 = Debug|Any CPU
		{1791922F-99E8-4B6A-839B-8CE25C2E1039}.Release|Any CPU.ActiveCfg = Release|Any CPU
		{1791922F-99E8-4B6A-839B-8CE25C2E1039}.Release|Any CPU.Build.0 = Release|Any CPU
		{A03B6D07-9A34-44FC-A41E-E8C8078F083A}.Debug|Any CPU.ActiveCfg = Debug|Any CPU
		{A03B6D07-9A34-44FC-A41E-E8C8078F083A}.Debug|Any CPU.Build.0 = Debug|Any CPU
		{A03B6D07-9A34-44FC-A41E-E8C8078F083A}.Release|Any CPU.ActiveCfg = Release|Any CPU
		{A03B6D07-9A34-44FC-A41E-E8C8078F083A}.Release|Any CPU.Build.0 = Release|Any CPU
	EndGlobalSection
	GlobalSection(SolutionProperties) = preSolution
		HideSolutionNode = FALSE
	EndGlobalSection
	GlobalSection(ExtensibilityGlobals) = postSolution
		SolutionGuid = {E63766A5-B93F-4FA3-9BF4-6CB78FBBF8FE}
	EndGlobalSection
EndGlobal
